// !$*UTF8*$!
{
	archiveVersion = 1;
	classes = {
	};
	objectVersion = 46;
	objects = {

/* Begin PBXBuildFile section */
		79541FD21B43DDB400C1934E /* main.m in Sources */ = {isa = PBXBuildFile; fileRef = 79541FD11B43DDB400C1934E /* main.m */; };
		79541FD51B43DDB400C1934E /* AppDelegate.m in Sources */ = {isa = PBXBuildFile; fileRef = 79541FD41B43DDB400C1934E /* AppDelegate.m */; };
		79541FD81B43DDB400C1934E /* Tabakomi_ios.xcdatamodeld in Sources */ = {isa = PBXBuildFile; fileRef = 79541FD61B43DDB400C1934E /* Tabakomi_ios.xcdatamodeld */; };
		79541FDB1B43DDB400C1934E /* ViewController.m in Sources */ = {isa = PBXBuildFile; fileRef = 79541FDA1B43DDB400C1934E /* ViewController.m */; };
		79541FDE1B43DDB400C1934E /* Main.storyboard in Resources */ = {isa = PBXBuildFile; fileRef = 79541FDC1B43DDB400C1934E /* Main.storyboard */; };
		79541FE01B43DDB400C1934E /* Images.xcassets in Resources */ = {isa = PBXBuildFile; fileRef = 79541FDF1B43DDB400C1934E /* Images.xcassets */; };
		79541FE31B43DDB400C1934E /* LaunchScreen.xib in Resources */ = {isa = PBXBuildFile; fileRef = 79541FE11B43DDB400C1934E /* LaunchScreen.xib */; };
		79541FEF1B43DDB400C1934E /* Tabakomi_iosTests.m in Sources */ = {isa = PBXBuildFile; fileRef = 79541FEE1B43DDB400C1934E /* Tabakomi_iosTests.m */; };
		79541FF91B43E58E00C1934E /* CoreLocation.framework in Frameworks */ = {isa = PBXBuildFile; fileRef = 79541FF81B43E58E00C1934E /* CoreLocation.framework */; };
/* End PBXBuildFile section */

/* Begin PBXContainerItemProxy section */
		79541FE91B43DDB400C1934E /* PBXContainerItemProxy */ = {
			isa = PBXContainerItemProxy;
			containerPortal = 79541FC41B43DDB400C1934E /* Project object */;
			proxyType = 1;
			remoteGlobalIDString = 79541FCB1B43DDB400C1934E;
			remoteInfo = Tabakomi_ios;
		};
/* End PBXContainerItemProxy section */

/* Begin PBXFileReference section */
		79541FCC1B43DDB400C1934E /* Tabakomi_ios.app */ = {isa = PBXFileReference; explicitFileType = wrapper.application; includeInIndex = 0; path = Tabakomi_ios.app; sourceTree = BUILT_PRODUCTS_DIR; };
		79541FD01B43DDB400C1934E /* Info.plist */ = {isa = PBXFileReference; lastKnownFileType = text.plist.xml; path = Info.plist; sourceTree = "<group>"; };
		79541FD11B43DDB400C1934E /* main.m */ = {isa = PBXFileReference; lastKnownFileType = sourcecode.c.objc; path = main.m; sourceTree = "<group>"; };
		79541FD31B43DDB400C1934E /* AppDelegate.h */ = {isa = PBXFileReference; lastKnownFileType = sourcecode.c.h; path = AppDelegate.h; sourceTree = "<group>"; };
		79541FD41B43DDB400C1934E /* AppDelegate.m */ = {isa = PBXFileReference; lastKnownFileType = sourcecode.c.objc; path = AppDelegate.m; sourceTree = "<group>"; };
		79541FD71B43DDB400C1934E /* Tabakomi_ios.xcdatamodel */ = {isa = PBXFileReference; lastKnownFileType = wrapper.xcdatamodel; path = Tabakomi_ios.xcdatamodel; sourceTree = "<group>"; };
		79541FD91B43DDB400C1934E /* ViewController.h */ = {isa = PBXFileReference; lastKnownFileType = sourcecode.c.h; path = ViewController.h; sourceTree = "<group>"; };
		79541FDA1B43DDB400C1934E /* ViewController.m */ = {isa = PBXFileReference; lastKnownFileType = sourcecode.c.objc; path = ViewController.m; sourceTree = "<group>"; };
		79541FDD1B43DDB400C1934E /* Base */ = {isa = PBXFileReference; lastKnownFileType = file.storyboard; name = Base; path = Base.lproj/Main.storyboard; sourceTree = "<group>"; };
		79541FDF1B43DDB400C1934E /* Images.xcassets */ = {isa = PBXFileReference; lastKnownFileType = folder.assetcatalog; path = Images.xcassets; sourceTree = "<group>"; };
		79541FE21B43DDB400C1934E /* Base */ = {isa = PBXFileReference; lastKnownFileType = file.xib; name = Base; path = Base.lproj/LaunchScreen.xib; sourceTree = "<group>"; };
		79541FE81B43DDB400C1934E /* Tabakomi_iosTests.xctest */ = {isa = PBXFileReference; explicitFileType = wrapper.cfbundle; includeInIndex = 0; path = Tabakomi_iosTests.xctest; sourceTree = BUILT_PRODUCTS_DIR; };
		79541FED1B43DDB400C1934E /* Info.plist */ = {isa = PBXFileReference; lastKnownFileType = text.plist.xml; path = Info.plist; sourceTree = "<group>"; };
		79541FEE1B43DDB400C1934E /* Tabakomi_iosTests.m */ = {isa = PBXFileReference; lastKnownFileType = sourcecode.c.objc; path = Tabakomi_iosTests.m; sourceTree = "<group>"; };
		79541FF81B43E58E00C1934E /* CoreLocation.framework */ = {isa = PBXFileReference; lastKnownFileType = wrapper.framework; name = CoreLocation.framework; path = System/Library/Frameworks/CoreLocation.framework; sourceTree = SDKROOT; };
/* End PBXFileReference section */

/* Begin PBXFrameworksBuildPhase section */
		79541FC91B43DDB400C1934E /* Frameworks */ = {
			isa = PBXFrameworksBuildPhase;
			buildActionMask = 2147483647;
			files = (
				79541FF91B43E58E00C1934E /* CoreLocation.framework in Frameworks */,
			);
			runOnlyForDeploymentPostprocessing = 0;
		};
		79541FE51B43DDB400C1934E /* Frameworks */ = {
			isa = PBXFrameworksBuildPhase;
			buildActionMask = 2147483647;
			files = (
			);
			runOnlyForDeploymentPostprocessing = 0;
		};
/* End PBXFrameworksBuildPhase section */

/* Begin PBXGroup section */
		79541FC31B43DDB400C1934E = {
			isa = PBXGroup;
			children = (
				79541FF81B43E58E00C1934E /* CoreLocation.framework */,
				79541FCE1B43DDB400C1934E /* Tabakomi_ios */,
				79541FEB1B43DDB400C1934E /* Tabakomi_iosTests */,
				79541FCD1B43DDB400C1934E /* Products */,
			);
			sourceTree = "<group>";
		};
		79541FCD1B43DDB400C1934E /* Products */ = {
			isa = PBXGroup;
			children = (
				79541FCC1B43DDB400C1934E /* Tabakomi_ios.app */,
				79541FE81B43DDB400C1934E /* Tabakomi_iosTests.xctest */,
			);
			name = Products;
			sourceTree = "<group>";
		};
		79541FCE1B43DDB400C1934E /* Tabakomi_ios */ = {
			isa = PBXGroup;
			children = (
				79541FD31B43DDB400C1934E /* AppDelegate.h */,
				79541FD41B43DDB400C1934E /* AppDelegate.m */,
				79541FD91B43DDB400C1934E /* ViewController.h */,
				79541FDA1B43DDB400C1934E /* ViewController.m */,
				79541FDC1B43DDB400C1934E /* Main.storyboard */,
				79541FDF1B43DDB400C1934E /* Images.xcassets */,
				79541FE11B43DDB400C1934E /* LaunchScreen.xib */,
				79541FD61B43DDB400C1934E /* Tabakomi_ios.xcdatamodeld */,
				79541FCF1B43DDB400C1934E /* Supporting Files */,
			);
			path = Tabakomi_ios;
			sourceTree = "<group>";
		};
		79541FCF1B43DDB400C1934E /* Supporting Files */ = {
			isa = PBXGroup;
			children = (
				79541FD01B43DDB400C1934E /* Info.plist */,
				79541FD11B43DDB400C1934E /* main.m */,
			);
			name = "Supporting Files";
			sourceTree = "<group>";
		};
		79541FEB1B43DDB400C1934E /* Tabakomi_iosTests */ = {
			isa = PBXGroup;
			children = (
				79541FEE1B43DDB400C1934E /* Tabakomi_iosTests.m */,
				79541FEC1B43DDB400C1934E /* Supporting Files */,
			);
			path = Tabakomi_iosTests;
			sourceTree = "<group>";
		};
		79541FEC1B43DDB400C1934E /* Supporting Files */ = {
			isa = PBXGroup;
			children = (
				79541FED1B43DDB400C1934E /* Info.plist */,
			);
			name = "Supporting Files";
			sourceTree = "<group>";
		};
/* End PBXGroup section */

/* Begin PBXNativeTarget section */
		79541FCB1B43DDB400C1934E /* Tabakomi_ios */ = {
			isa = PBXNativeTarget;
			buildConfigurationList = 79541FF21B43DDB400C1934E /* Build configuration list for PBXNativeTarget "Tabakomi_ios" */;
			buildPhases = (
				79541FC81B43DDB400C1934E /* Sources */,
				79541FC91B43DDB400C1934E /* Frameworks */,
				79541FCA1B43DDB400C1934E /* Resources */,
			);
			buildRules = (
			);
			dependencies = (
			);
			name = Tabakomi_ios;
			productName = Tabakomi_ios;
			productReference = 79541FCC1B43DDB400C1934E /* Tabakomi_ios.app */;
			productType = "com.apple.product-type.application";
		};
		79541FE71B43DDB400C1934E /* Tabakomi_iosTests */ = {
			isa = PBXNativeTarget;
			buildConfigurationList = 79541FF51B43DDB400C1934E /* Build configuration list for PBXNativeTarget "Tabakomi_iosTests" */;
			buildPhases = (
				79541FE41B43DDB400C1934E /* Sources */,
				79541FE51B43DDB400C1934E /* Frameworks */,
				79541FE61B43DDB400C1934E /* Resources */,
			);
			buildRules = (
			);
			dependencies = (
				79541FEA1B43DDB400C1934E /* PBXTargetDependency */,
			);
			name = Tabakomi_iosTests;
			productName = Tabakomi_iosTests;
			productReference = 79541FE81B43DDB400C1934E /* Tabakomi_iosTests.xctest */;
			productType = "com.apple.product-type.bundle.unit-test";
		};
/* End PBXNativeTarget section */

/* Begin PBXProject section */
		79541FC41B43DDB400C1934E /* Project object */ = {
			isa = PBXProject;
			attributes = {
				LastUpgradeCheck = 0630;
				ORGANIZATIONNAME = "奥野遼";
				TargetAttributes = {
					79541FCB1B43DDB400C1934E = {
						CreatedOnToolsVersion = 6.3.2;
					};
					79541FE71B43DDB400C1934E = {
						CreatedOnToolsVersion = 6.3.2;
						TestTargetID = 79541FCB1B43DDB400C1934E;
					};
				};
			};
			buildConfigurationList = 79541FC71B43DDB400C1934E /* Build configuration list for PBXProject "Tabakomi_ios" */;
			compatibilityVersion = "Xcode 3.2";
			developmentRegion = English;
			hasScannedForEncodings = 0;
			knownRegions = (
				en,
				Base,
			);
			mainGroup = 79541FC31B43DDB400C1934E;
			productRefGroup = 79541FCD1B43DDB400C1934E /* Products */;
			projectDirPath = "";
			projectRoot = "";
			targets = (
				79541FCB1B43DDB400C1934E /* Tabakomi_ios */,
				79541FE71B43DDB400C1934E /* Tabakomi_iosTests */,
			);
		};
/* End PBXProject section */

/* Begin PBXResourcesBuildPhase section */
		79541FCA1B43DDB400C1934E /* Resources */ = {
			isa = PBXResourcesBuildPhase;
			buildActionMask = 2147483647;
			files = (
				79541FDE1B43DDB400C1934E /* Main.storyboard in Resources */,
				79541FE31B43DDB400C1934E /* LaunchScreen.xib in Resources */,
				79541FE01B43DDB400C1934E /* Images.xcassets in Resources */,
			);
			runOnlyForDeploymentPostprocessing = 0;
		};
		79541FE61B43DDB400C1934E /* Resources */ = {
			isa = PBXResourcesBuildPhase;
			buildActionMask = 2147483647;
			files = (
			);
			runOnlyForDeploymentPostprocessing = 0;
		};
/* End PBXResourcesBuildPhase section */

/* Begin PBXSourcesBuildPhase section */
		79541FC81B43DDB400C1934E /* Sources */ = {
			isa = PBXSourcesBuildPhase;
			buildActionMask = 2147483647;
			files = (
				79541FD51B43DDB400C1934E /* AppDelegate.m in Sources */,
				79541FD21B43DDB400C1934E /* main.m in Sources */,
				79541FDB1B43DDB400C1934E /* ViewController.m in Sources */,
				79541FD81B43DDB400C1934E /* Tabakomi_ios.xcdatamodeld in Sources */,
			);
			runOnlyForDeploymentPostprocessing = 0;
		};
		79541FE41B43DDB400C1934E /* Sources */ = {
			isa = PBXSourcesBuildPhase;
			buildActionMask = 2147483647;
			files = (
				79541FEF1B43DDB400C1934E /* Tabakomi_iosTests.m in Sources */,
			);
			runOnlyForDeploymentPostprocessing = 0;
		};
/* End PBXSourcesBuildPhase section */

/* Begin PBXTargetDependency section */
		79541FEA1B43DDB400C1934E /* PBXTargetDependency */ = {
			isa = PBXTargetDependency;
			target = 79541FCB1B43DDB400C1934E /* Tabakomi_ios */;
			targetProxy = 79541FE91B43DDB400C1934E /* PBXContainerItemProxy */;
		};
/* End PBXTargetDependency section */

/* Begin PBXVariantGroup section */
		79541FDC1B43DDB400C1934E /* Main.storyboard */ = {
			isa = PBXVariantGroup;
			children = (
				79541FDD1B43DDB400C1934E /* Base */,
			);
			name = Main.storyboard;
			sourceTree = "<group>";
		};
		79541FE11B43DDB400C1934E /* LaunchScreen.xib */ = {
			isa = PBXVariantGroup;
			children = (
				79541FE21B43DDB400C1934E /* Base */,
			);
			name = LaunchScreen.xib;
			sourceTree = "<group>";
		};
/* End PBXVariantGroup section */

/* Begin XCBuildConfiguration section */
		79541FF01B43DDB400C1934E /* Debug */ = {
			isa = XCBuildConfiguration;
			buildSettings = {
				ALWAYS_SEARCH_USER_PATHS = NO;
				CLANG_CXX_LANGUAGE_STANDARD = "gnu++0x";
				CLANG_CXX_LIBRARY = "libc++";
				CLANG_ENABLE_MODULES = YES;
				CLANG_ENABLE_OBJC_ARC = YES;
				CLANG_WARN_BOOL_CONVERSION = YES;
				CLANG_WARN_CONSTANT_CONVERSION = YES;
				CLANG_WARN_DIRECT_OBJC_ISA_USAGE = YES_ERROR;
				CLANG_WARN_EMPTY_BODY = YES;
				CLANG_WARN_ENUM_CONVERSION = YES;
				CLANG_WARN_INT_CONVERSION = YES;
				CLANG_WARN_OBJC_ROOT_CLASS = YES_ERROR;
				CLANG_WARN_UNREACHABLE_CODE = YES;
				CLANG_WARN__DUPLICATE_METHOD_MATCH = YES;
				"CODE_SIGN_IDENTITY[sdk=iphoneos*]" = "iPhone Developer";
				COPY_PHASE_STRIP = NO;
				DEBUG_INFORMATION_FORMAT = "dwarf-with-dsym";
				ENABLE_STRICT_OBJC_MSGSEND = YES;
				GCC_C_LANGUAGE_STANDARD = gnu99;
				GCC_DYNAMIC_NO_PIC = NO;
				GCC_NO_COMMON_BLOCKS = YES;
				GCC_OPTIMIZATION_LEVEL = 0;
				GCC_PREPROCESSOR_DEFINITIONS = (
					"DEBUG=1",
					"$(inherited)",
				);
				GCC_SYMBOLS_PRIVATE_EXTERN = NO;
				GCC_WARN_64_TO_32_BIT_CONVERSION = YES;
				GCC_WARN_ABOUT_RETURN_TYPE = YES_ERROR;
				GCC_WARN_UNDECLARED_SELECTOR = YES;
				GCC_WARN_UNINITIALIZED_AUTOS = YES_AGGRESSIVE;
				GCC_WARN_UNUSED_FUNCTION = YES;
				GCC_WARN_UNUSED_VARIABLE = YES;
				IPHONEOS_DEPLOYMENT_TARGET = 8.3;
				MTL_ENABLE_DEBUG_INFO = YES;
				ONLY_ACTIVE_ARCH = YES;
				SDKROOT = iphoneos;
			};
			name = Debug;
		};
		79541FF11B43DDB400C1934E /* Release */ = {
			isa = XCBuildConfiguration;
			buildSettings = {
				ALWAYS_SEARCH_USER_PATHS = NO;
				CLANG_CXX_LANGUAGE_STANDARD = "gnu++0x";
				CLANG_CXX_LIBRARY = "libc++";
				CLANG_ENABLE_MODULES = YES;
				CLANG_ENABLE_OBJC_ARC = YES;
				CLANG_WARN_BOOL_CONVERSION = YES;
				CLANG_WARN_CONSTANT_CONVERSION = YES;
				CLANG_WARN_DIRECT_OBJC_ISA_USAGE = YES_ERROR;
				CLANG_WARN_EMPTY_BODY = YES;
				CLANG_WARN_ENUM_CONVERSION = YES;
				CLANG_WARN_INT_CONVERSION = YES;
				CLANG_WARN_OBJC_ROOT_CLASS = YES_ERROR;
				CLANG_WARN_UNREACHABLE_CODE = YES;
				CLANG_WARN__DUPLICATE_METHOD_MATCH = YES;
				"CODE_SIGN_IDENTITY[sdk=iphoneos*]" = "iPhone Developer";
				COPY_PHASE_STRIP = NO;
				DEBUG_INFORMATION_FORMAT = "dwarf-with-dsym";
				ENABLE_NS_ASSERTIONS = NO;
				ENABLE_STRICT_OBJC_MSGSEND = YES;
				GCC_C_LANGUAGE_STANDARD = gnu99;
				GCC_NO_COMMON_BLOCKS = YES;
				GCC_WARN_64_TO_32_BIT_CONVERSION = YES;
				GCC_WARN_ABOUT_RETURN_TYPE = YES_ERROR;
				GCC_WARN_UNDECLARED_SELECTOR = YES;
				GCC_WARN_UNINITIALIZED_AUTOS = YES_AGGRESSIVE;
				GCC_WARN_UNUSED_FUNCTION = YES;
				GCC_WARN_UNUSED_VARIABLE = YES;
				IPHONEOS_DEPLOYMENT_TARGET = 8.3;
				MTL_ENABLE_DEBUG_INFO = NO;
				SDKROOT = iphoneos;
				VALIDATE_PRODUCT = YES;
			};
			name = Release;
		};
		79541FF31B43DDB400C1934E /* Debug */ = {
			isa = XCBuildConfiguration;
			buildSettings = {
				ASSETCATALOG_COMPILER_APPICON_NAME = AppIcon;
				INFOPLIST_FILE = Tabakomi_ios/Info.plist;
				LD_RUNPATH_SEARCH_PATHS = "$(inherited) @executable_path/Frameworks";
				PRODUCT_NAME = "$(TARGET_NAME)";
				TARGETED_DEVICE_FAMILY = 1;
			};
			name = Debug;
		};
		79541FF41B43DDB400C1934E /* Release */ = {
			isa = XCBuildConfiguration;
			buildSettings = {
				ASSETCATALOG_COMPILER_APPICON_NAME = AppIcon;
				INFOPLIST_FILE = Tabakomi_ios/Info.plist;
				LD_RUNPATH_SEARCH_PATHS = "$(inherited) @executable_path/Frameworks";
				PRODUCT_NAME = "$(TARGET_NAME)";
				TARGETED_DEVICE_FAMILY = 1;
			};
			name = Release;
		};
		79541FF61B43DDB400C1934E /* Debug */ = {
			isa = XCBuildConfiguration;
			buildSettings = {
				BUNDLE_LOADER = "$(TEST_HOST)";
				FRAMEWORK_SEARCH_PATHS = (
					"$(SDKROOT)/Developer/Library/Frameworks",
					"$(inherited)",
				);
				GCC_PREPROCESSOR_DEFINITIONS = (
					"DEBUG=1",
					"$(inherited)",
				);
				INFOPLIST_FILE = Tabakomi_iosTests/Info.plist;
				LD_RUNPATH_SEARCH_PATHS = "$(inherited) @executable_path/Frameworks @loader_path/Frameworks";
				PRODUCT_NAME = "$(TARGET_NAME)";
				TEST_HOST = "$(BUILT_PRODUCTS_DIR)/Tabakomi_ios.app/Tabakomi_ios";
			};
			name = Debug;
		};
		79541FF71B43DDB400C1934E /* Release */ = {
			isa = XCBuildConfiguration;
			buildSettings = {
				BUNDLE_LOADER = "$(TEST_HOST)";
				FRAMEWORK_SEARCH_PATHS = (
					"$(SDKROOT)/Developer/Library/Frameworks",
					"$(inherited)",
				);
				INFOPLIST_FILE = Tabakomi_iosTests/Info.plist;
				LD_RUNPATH_SEARCH_PATHS = "$(inherited) @executable_path/Frameworks @loader_path/Frameworks";
				PRODUCT_NAME = "$(TARGET_NAME)";
				TEST_HOST = "$(BUILT_PRODUCTS_DIR)/Tabakomi_ios.app/Tabakomi_ios";
			};
			name = Release;
		};
/* End XCBuildConfiguration section */

/* Begin XCConfigurationList section */
		79541FC71B43DDB400C1934E /* Build configuration list for PBXProject "Tabakomi_ios" */ = {
			isa = XCConfigurationList;
			buildConfigurations = (
				79541FF01B43DDB400C1934E /* Debug */,
				79541FF11B43DDB400C1934E /* Release */,
			);
			defaultConfigurationIsVisible = 0;
			defaultConfigurationName = Release;
		};
		79541FF21B43DDB400C1934E /* Build configuration list for PBXNativeTarget "Tabakomi_ios" */ = {
			isa = XCConfigurationList;
			buildConfigurations = (
				79541FF31B43DDB400C1934E /* Debug */,
				79541FF41B43DDB400C1934E /* Release */,
			);
			defaultConfigurationIsVisible = 0;
		};
		79541FF51B43DDB400C1934E /* Build configuration list for PBXNativeTarget "Tabakomi_iosTests" */ = {
			isa = XCConfigurationList;
			buildConfigurations = (
				79541FF61B43DDB400C1934E /* Debug */,
				79541FF71B43DDB400C1934E /* Release */,
			);
			defaultConfigurationIsVisible = 0;
		};
/* End XCConfigurationList section */

/* Begin XCVersionGroup section */
		79541FD61B43DDB400C1934E /* Tabakomi_ios.xcdatamodeld */ = {
			isa = XCVersionGroup;
			children = (
				79541FD71B43DDB400C1934E /* Tabakomi_ios.xcdatamodel */,
			);
			currentVersion = 79541FD71B43DDB400C1934E /* Tabakomi_ios.xcdatamodel */;
			path = Tabakomi_ios.xcdatamodeld;
			sourceTree = "<group>";
			versionGroupType = wrapper.xcdatamodel;
		};
/* End XCVersionGroup section */
	};
	rootObject = 79541FC41B43DDB400C1934E /* Project object */;
}
